# This file is automatically @generated by Cargo.
# It is not intended for manual editing.
version = 3

[[package]]
name = "hel-colored"
version = "0.6.0"
source = "registry+https://github.com/rust-lang/crates.io-index"
checksum = "bc98a767ffa3a9fc20277edc64690aed895cd3dcf91f8bce6e0d4623bc8b16c7"

[[package]]
name = "hel-css-formatter"
version = "0.2.0"
dependencies = [
 "hel-colored",
 "hel-thread-pool",
 "hel-trie",
]

[[package]]
name = "hel-thread-pool"
version = "0.3.1"
source = "registry+https://github.com/rust-lang/crates.io-index"
checksum = "8cb672764bbd7d6ec331bb7490bd35a11942870b97d5f1a73520ee3f94e431f1"

[[package]]
name = "hel-trie"
version = "0.1.0"
dependencies = [
 "map",
 "traits",
]

[[package]]
name = "map"
version = "0.1.0"

[[package]]
name = "traits"
version = "0.1.0"
