# This file is automatically @generated by Cargo.
# It is not intended for manual editing.
version = 3

[[package]]
name = "hel-css-formatter"
version = "0.0.2"
dependencies = [
 "hel-trie",
]

[[package]]
name = "hel-trie"
version = "0.1.0"
dependencies = [
 "map",
 "traits",
]

[[package]]
name = "map"
version = "0.1.0"

[[package]]
name = "traits"
version = "0.1.0"
