# This file is automatically @generated by Cargo.
# It is not intended for manual editing.
version = 3

[[package]]
name = "hel-css-formatter"
version = "0.0.2"
dependencies = [
 "hel-fs",
 "hel-trie",
]

[[package]]
name = "hel-fs"
version = "0.1.1"
source = "registry+https://github.com/rust-lang/crates.io-index"
checksum = "facd039fe98b1899a2051036e575594a58b330d705085ca825b78138d2226058"

[[package]]
name = "hel-trie"
version = "0.1.0"
dependencies = [
 "map",
 "traits",
]

[[package]]
name = "map"
version = "0.1.0"

[[package]]
name = "traits"
version = "0.1.0"
